
Microsoft Visual Studio Solution File, Format Version 12.00
# Visual Studio 15
VisualStudioVersion = 15.0.27703.2035
MinimumVisualStudioVersion = 10.0.40219.1
Project("{FAE04EC0-301F-11D3-BF4B-00C04F79EFBC}") = "StackTags", "StackTags\StackTags.csproj", "{62F8038B-A89F-4094-967E-5D812D5FB43C}"
EndProject
Global
	GlobalSection(SolutionConfigurationPlatforms) = preSolution
		Debug|Any CPU = Debug|Any CPU
		Release|Any CPU = Release|Any CPU
	EndGlobalSection
	GlobalSection(ProjectConfigurationPlatforms) = postSolution
		{62F8038B-A89F-4094-967E-5D812D5FB43C}.Debug|Any CPU.ActiveCfg = Debug|Any CPU
		{62F8038B-A89F-4094-967E-5D812D5FB43C}.Debug|Any CPU.Build.0 = Debug|Any CPU
		{62F8038B-A89F-4094-967E-5D812D5FB43C}.Release|Any CPU.ActiveCfg = Release|Any CPU
		{62F8038B-A89F-4094-967E-5D812D5FB43C}.Release|Any CPU.Build.0 = Release|Any CPU
	EndGlobalSection
	GlobalSection(SolutionProperties) = preSolution
		HideSolutionNode = FALSE
	EndGlobalSection
	GlobalSection(ExtensibilityGlobals) = postSolution
		SolutionGuid = {EE239B5A-276B-4526-BA70-652C189D95B3}
	EndGlobalSection
EndGlobal
